
Microsoft Visual Studio Solution File, Format Version 12.00
# Visual Studio Version 17
VisualStudioVersion = 17.3.32804.467
MinimumVisualStudioVersion = 10.0.40219.1
Project("{FAE04EC0-301F-11D3-BF4B-00C04F79EFBC}") = "Sep14Exercises", "Sep14Exercises\Sep14Exercises.csproj", "{446B3E17-54BA-4BEA-BB6D-F2A10D549D1E}"
	ProjectSection(ProjectDependencies) = postProject
		{77E2AECE-4CBA-458D-9A40-1AB91F4CC4BD} = {77E2AECE-4CBA-458D-9A40-1AB91F4CC4BD}
	EndProjectSection
EndProject
Project("{FAE04EC0-301F-11D3-BF4B-00C04F79EFBC}") = "Sep14", "Sep14\Sep14.csproj", "{77E2AECE-4CBA-458D-9A40-1AB91F4CC4BD}"
EndProject
Global
	GlobalSection(SolutionConfigurationPlatforms) = preSolution
		Debug|Any CPU = Debug|Any CPU
		Release|Any CPU = Release|Any CPU
	EndGlobalSection
	GlobalSection(ProjectConfigurationPlatforms) = postSolution
		{446B3E17-54BA-4BEA-BB6D-F2A10D549D1E}.Debug|Any CPU.ActiveCfg = Debug|Any CPU
		{446B3E17-54BA-4BEA-BB6D-F2A10D549D1E}.Debug|Any CPU.Build.0 = Debug|Any CPU
		{446B3E17-54BA-4BEA-BB6D-F2A10D549D1E}.Release|Any CPU.ActiveCfg = Release|Any CPU
		{446B3E17-54BA-4BEA-BB6D-F2A10D549D1E}.Release|Any CPU.Build.0 = Release|Any CPU
		{77E2AECE-4CBA-458D-9A40-1AB91F4CC4BD}.Debug|Any CPU.ActiveCfg = Debug|Any CPU
		{77E2AECE-4CBA-458D-9A40-1AB91F4CC4BD}.Debug|Any CPU.Build.0 = Debug|Any CPU
		{77E2AECE-4CBA-458D-9A40-1AB91F4CC4BD}.Release|Any CPU.ActiveCfg = Release|Any CPU
		{77E2AECE-4CBA-458D-9A40-1AB91F4CC4BD}.Release|Any CPU.Build.0 = Release|Any CPU
	EndGlobalSection
	GlobalSection(SolutionProperties) = preSolution
		HideSolutionNode = FALSE
	EndGlobalSection
	GlobalSection(ExtensibilityGlobals) = postSolution
		SolutionGuid = {E45D3FC2-A3E2-4600-AF5B-39474E729F79}
	EndGlobalSection
EndGlobal
